
Microsoft Visual Studio Solution File, Format Version 12.00
# Visual Studio Version 17
VisualStudioVersion = 17.7.34221.43
MinimumVisualStudioVersion = 10.0.40219.1
Project("{FAE04EC0-301F-11D3-BF4B-00C04F79EFBC}") = "TeduShop.Common", "TeduShop.Common\TeduShop.Common.csproj", "{97292B8E-3EDE-48ED-909A-E4C5F2E14709}"
EndProject
Project("{FAE04EC0-301F-11D3-BF4B-00C04F79EFBC}") = "TeduShop.Data", "TeduShop.Data\TeduShop.Data.csproj", "{807F1411-14DE-42F7-8CEB-8B829519B3D5}"
EndProject
Project("{FAE04EC0-301F-11D3-BF4B-00C04F79EFBC}") = "TeduShop.Model", "TeduShop.Model\TeduShop.Model.csproj", "{59705EC2-2A39-4679-9774-E15F4D6572A0}"
EndProject
Project("{FAE04EC0-301F-11D3-BF4B-00C04F79EFBC}") = "TeduShop.Service", "TeduShop.Service\TeduShop.Service.csproj", "{BA7A2BC8-522C-401F-8B92-C0DF7545E4AF}"
EndProject
Project("{FAE04EC0-301F-11D3-BF4B-00C04F79EFBC}") = "TeduShop.UnitTest", "TeduShop.UnitTest\TeduShop.UnitTest.csproj", "{24FFD9CA-1BEB-4E1C-A49A-76EF2F57D77B}"
EndProject
Project("{FAE04EC0-301F-11D3-BF4B-00C04F79EFBC}") = "TeduShop.Web", "TeduShop.Web\TeduShop.Web.csproj", "{F618A309-727E-4398-B471-748D8E248CBF}"
EndProject
Global
	GlobalSection(SolutionConfigurationPlatforms) = preSolution
		Debug|Any CPU = Debug|Any CPU
		Release|Any CPU = Release|Any CPU
	EndGlobalSection
	GlobalSection(ProjectConfigurationPlatforms) = postSolution
		{97292B8E-3EDE-48ED-909A-E4C5F2E14709}.Debug|Any CPU.ActiveCfg = Debug|Any CPU
		{97292B8E-3EDE-48ED-909A-E4C5F2E14709}.Debug|Any CPU.Build.0 = Debug|Any CPU
		{97292B8E-3EDE-48ED-909A-E4C5F2E14709}.Release|Any CPU.ActiveCfg = Release|Any CPU
		{97292B8E-3EDE-48ED-909A-E4C5F2E14709}.Release|Any CPU.Build.0 = Release|Any CPU
		{807F1411-14DE-42F7-8CEB-8B829519B3D5}.Debug|Any CPU.ActiveCfg = Debug|Any CPU
		{807F1411-14DE-42F7-8CEB-8B829519B3D5}.Debug|Any CPU.Build.0 = Debug|Any CPU
		{807F1411-14DE-42F7-8CEB-8B829519B3D5}.Release|Any CPU.ActiveCfg = Release|Any CPU
		{807F1411-14DE-42F7-8CEB-8B829519B3D5}.Release|Any CPU.Build.0 = Release|Any CPU
		{59705EC2-2A39-4679-9774-E15F4D6572A0}.Debug|Any CPU.ActiveCfg = Debug|Any CPU
		{59705EC2-2A39-4679-9774-E15F4D6572A0}.Debug|Any CPU.Build.0 = Debug|Any CPU
		{59705EC2-2A39-4679-9774-E15F4D6572A0}.Release|Any CPU.ActiveCfg = Release|Any CPU
		{59705EC2-2A39-4679-9774-E15F4D6572A0}.Release|Any CPU.Build.0 = Release|Any CPU
		{BA7A2BC8-522C-401F-8B92-C0DF7545E4AF}.Debug|Any CPU.ActiveCfg = Debug|Any CPU
		{BA7A2BC8-522C-401F-8B92-C0DF7545E4AF}.Debug|Any CPU.Build.0 = Debug|Any CPU
		{BA7A2BC8-522C-401F-8B92-C0DF7545E4AF}.Release|Any CPU.ActiveCfg = Release|Any CPU
		{BA7A2BC8-522C-401F-8B92-C0DF7545E4AF}.Release|Any CPU.Build.0 = Release|Any CPU
		{24FFD9CA-1BEB-4E1C-A49A-76EF2F57D77B}.Debug|Any CPU.ActiveCfg = Debug|Any CPU
		{24FFD9CA-1BEB-4E1C-A49A-76EF2F57D77B}.Debug|Any CPU.Build.0 = Debug|Any CPU
		{24FFD9CA-1BEB-4E1C-A49A-76EF2F57D77B}.Release|Any CPU.ActiveCfg = Release|Any CPU
		{24FFD9CA-1BEB-4E1C-A49A-76EF2F57D77B}.Release|Any CPU.Build.0 = Release|Any CPU
		{F618A309-727E-4398-B471-748D8E248CBF}.Debug|Any CPU.ActiveCfg = Debug|Any CPU
		{F618A309-727E-4398-B471-748D8E248CBF}.Debug|Any CPU.Build.0 = Debug|Any CPU
		{F618A309-727E-4398-B471-748D8E248CBF}.Release|Any CPU.ActiveCfg = Release|Any CPU
		{F618A309-727E-4398-B471-748D8E248CBF}.Release|Any CPU.Build.0 = Release|Any CPU
	EndGlobalSection
	GlobalSection(SolutionProperties) = preSolution
		HideSolutionNode = FALSE
	EndGlobalSection
	GlobalSection(ExtensibilityGlobals) = postSolution
		SolutionGuid = {08BE8197-0BD5-44DB-9ABF-CC274EBD549C}
	EndGlobalSection
EndGlobal
